
Microsoft Visual Studio Solution File, Format Version 12.00
# Visual Studio Version 17
VisualStudioVersion = 17.7.34003.232
MinimumVisualStudioVersion = 10.0.40219.1
Project("{FAE04EC0-301F-11D3-BF4B-00C04F79EFBC}") = "proyecto_final", "proyecto_final\proyecto_final.csproj", "{603734F3-CA39-48F3-810E-B0A9CA281B2F}"
EndProject
Global
	GlobalSection(SolutionConfigurationPlatforms) = preSolution
		Debug|Any CPU = Debug|Any CPU
		Release|Any CPU = Release|Any CPU
	EndGlobalSection
	GlobalSection(ProjectConfigurationPlatforms) = postSolution
		{603734F3-CA39-48F3-810E-B0A9CA281B2F}.Debug|Any CPU.ActiveCfg = Debug|Any CPU
		{603734F3-CA39-48F3-810E-B0A9CA281B2F}.Debug|Any CPU.Build.0 = Debug|Any CPU
		{603734F3-CA39-48F3-810E-B0A9CA281B2F}.Release|Any CPU.ActiveCfg = Release|Any CPU
		{603734F3-CA39-48F3-810E-B0A9CA281B2F}.Release|Any CPU.Build.0 = Release|Any CPU
	EndGlobalSection
	GlobalSection(SolutionProperties) = preSolution
		HideSolutionNode = FALSE
	EndGlobalSection
	GlobalSection(ExtensibilityGlobals) = postSolution
		SolutionGuid = {3FD31CC2-B003-4990-914B-4BF35E0C1EB2}
	EndGlobalSection
EndGlobal
